// !$*UTF8*$!
{
	archiveVersion = 1;
	classes = {
	};
	objectVersion = 50;
	objects = {

/* Begin PBXBuildFile section */
		50363EF52374A80F00F1D226 /* ResultCell.swift in Sources */ = {isa = PBXBuildFile; fileRef = 50363EF42374A80F00F1D226 /* ResultCell.swift */; };
		50363EF72374B51600F1D226 /* VenueDetailVc.swift in Sources */ = {isa = PBXBuildFile; fileRef = 50363EF62374B51600F1D226 /* VenueDetailVc.swift */; };
		50363EF92374BEAA00F1D226 /* CollectionsViewController.swift in Sources */ = {isa = PBXBuildFile; fileRef = 50363EF82374BEAA00F1D226 /* CollectionsViewController.swift */; };
		50363EFB2374BF1200F1D226 /* VenueCollectionCell.swift in Sources */ = {isa = PBXBuildFile; fileRef = 50363EFA2374BF1200F1D226 /* VenueCollectionCell.swift */; };
		50363EFF2374C57F00F1D226 /* AddCollectionVC.swift in Sources */ = {isa = PBXBuildFile; fileRef = 50363EFE2374C57F00F1D226 /* AddCollectionVC.swift */; };
		50363F022374C9F500F1D226 /* CollectionPersistence.swift in Sources */ = {isa = PBXBuildFile; fileRef = 50363F002374C9F400F1D226 /* CollectionPersistence.swift */; };
		50363F032374C9F500F1D226 /* PersistenceHelper.swift in Sources */ = {isa = PBXBuildFile; fileRef = 50363F012374C9F400F1D226 /* PersistenceHelper.swift */; };
		505A44B2237212ED00A75CCD /* ImageCell.swift in Sources */ = {isa = PBXBuildFile; fileRef = 505A44B1237212ED00A75CCD /* ImageCell.swift */; };
		505A44B42372305400A75CCD /* ResultListVC.swift in Sources */ = {isa = PBXBuildFile; fileRef = 505A44B32372305400A75CCD /* ResultListVC.swift */; };
		507B29B923777BA900C4D8D2 /* FavoriteVenueVC.swift in Sources */ = {isa = PBXBuildFile; fileRef = 507B29B823777BA900C4D8D2 /* FavoriteVenueVC.swift */; };
		507B29BB23777BCD00C4D8D2 /* FavoriteVenueCell.swift in Sources */ = {isa = PBXBuildFile; fileRef = 507B29BA23777BCD00C4D8D2 /* FavoriteVenueCell.swift */; };
		509AC45F23736F76003F6D19 /* ImageHelper.swift in Sources */ = {isa = PBXBuildFile; fileRef = 509AC45E23736F76003F6D19 /* ImageHelper.swift */; };
		509AC46123737348003F6D19 /* ImageModel.swift in Sources */ = {isa = PBXBuildFile; fileRef = 509AC46023737348003F6D19 /* ImageModel.swift */; };
		509AC46323737491003F6D19 /* ImageAPI.swift in Sources */ = {isa = PBXBuildFile; fileRef = 509AC46223737491003F6D19 /* ImageAPI.swift */; };
		50B9F9D523763B4F000CC234 /* CollectionModel.swift in Sources */ = {isa = PBXBuildFile; fileRef = 50B9F9D423763B4F000CC234 /* CollectionModel.swift */; };
		50C6983B2377724000B97587 /* AddCollectionViewCell.swift in Sources */ = {isa = PBXBuildFile; fileRef = 50C6983A2377724000B97587 /* AddCollectionViewCell.swift */; };
		50C6983D2377743400B97587 /* AddVenueToCollectionVC.swift in Sources */ = {isa = PBXBuildFile; fileRef = 50C6983C2377743400B97587 /* AddVenueToCollectionVC.swift */; };
		50F022452370B31A00C1C4D3 /* AppDelegate.swift in Sources */ = {isa = PBXBuildFile; fileRef = 50F022442370B31A00C1C4D3 /* AppDelegate.swift */; };
		50F022472370B31A00C1C4D3 /* SceneDelegate.swift in Sources */ = {isa = PBXBuildFile; fileRef = 50F022462370B31A00C1C4D3 /* SceneDelegate.swift */; };
		50F022492370B31A00C1C4D3 /* ViewController.swift in Sources */ = {isa = PBXBuildFile; fileRef = 50F022482370B31A00C1C4D3 /* ViewController.swift */; };
		50F0224C2370B31A00C1C4D3 /* Main.storyboard in Resources */ = {isa = PBXBuildFile; fileRef = 50F0224A2370B31A00C1C4D3 /* Main.storyboard */; };
		50F0224E2370B31B00C1C4D3 /* Assets.xcassets in Resources */ = {isa = PBXBuildFile; fileRef = 50F0224D2370B31B00C1C4D3 /* Assets.xcassets */; };
		50F022512370B31B00C1C4D3 /* LaunchScreen.storyboard in Resources */ = {isa = PBXBuildFile; fileRef = 50F0224F2370B31B00C1C4D3 /* LaunchScreen.storyboard */; };
		50F0225C2370B31B00C1C4D3 /* FoursquareMapTests.swift in Sources */ = {isa = PBXBuildFile; fileRef = 50F0225B2370B31B00C1C4D3 /* FoursquareMapTests.swift */; };
		50F022672370D7DD00C1C4D3 /* Secrets.swift in Sources */ = {isa = PBXBuildFile; fileRef = 50F022662370D7DD00C1C4D3 /* Secrets.swift */; };
		50F0226C2370DE2700C1C4D3 /* LocationsModel.swift in Sources */ = {isa = PBXBuildFile; fileRef = 50F0226B2370DE2700C1C4D3 /* LocationsModel.swift */; };
		50F022702370E03C00C1C4D3 /* NetworkHelper.swift in Sources */ = {isa = PBXBuildFile; fileRef = 50F0226D2370E03C00C1C4D3 /* NetworkHelper.swift */; };
		50F022722370E03C00C1C4D3 /* AppError.swift in Sources */ = {isa = PBXBuildFile; fileRef = 50F0226F2370E03C00C1C4D3 /* AppError.swift */; };
		50F022742370E04E00C1C4D3 /* LocationsAPI.swift in Sources */ = {isa = PBXBuildFile; fileRef = 50F022732370E04E00C1C4D3 /* LocationsAPI.swift */; };
/* End PBXBuildFile section */

/* Begin PBXContainerItemProxy section */
		50F022582370B31B00C1C4D3 /* PBXContainerItemProxy */ = {
			isa = PBXContainerItemProxy;
			containerPortal = 50F022392370B31A00C1C4D3 /* Project object */;
			proxyType = 1;
			remoteGlobalIDString = 50F022402370B31A00C1C4D3;
			remoteInfo = FoursquareMap;
		};
/* End PBXContainerItemProxy section */

/* Begin PBXFileReference section */
		50363EF42374A80F00F1D226 /* ResultCell.swift */ = {isa = PBXFileReference; lastKnownFileType = sourcecode.swift; path = ResultCell.swift; sourceTree = "<group>"; };
		50363EF62374B51600F1D226 /* VenueDetailVc.swift */ = {isa = PBXFileReference; lastKnownFileType = sourcecode.swift; path = VenueDetailVc.swift; sourceTree = "<group>"; };
		50363EF82374BEAA00F1D226 /* CollectionsViewController.swift */ = {isa = PBXFileReference; lastKnownFileType = sourcecode.swift; path = CollectionsViewController.swift; sourceTree = "<group>"; };
		50363EFA2374BF1200F1D226 /* VenueCollectionCell.swift */ = {isa = PBXFileReference; lastKnownFileType = sourcecode.swift; path = VenueCollectionCell.swift; sourceTree = "<group>"; };
		50363EFE2374C57F00F1D226 /* AddCollectionVC.swift */ = {isa = PBXFileReference; lastKnownFileType = sourcecode.swift; path = AddCollectionVC.swift; sourceTree = "<group>"; };
		50363F002374C9F400F1D226 /* CollectionPersistence.swift */ = {isa = PBXFileReference; fileEncoding = 4; lastKnownFileType = sourcecode.swift; path = CollectionPersistence.swift; sourceTree = "<group>"; };
		50363F012374C9F400F1D226 /* PersistenceHelper.swift */ = {isa = PBXFileReference; fileEncoding = 4; lastKnownFileType = sourcecode.swift; path = PersistenceHelper.swift; sourceTree = "<group>"; };
		505A44B1237212ED00A75CCD /* ImageCell.swift */ = {isa = PBXFileReference; lastKnownFileType = sourcecode.swift; path = ImageCell.swift; sourceTree = "<group>"; };
		505A44B32372305400A75CCD /* ResultListVC.swift */ = {isa = PBXFileReference; lastKnownFileType = sourcecode.swift; path = ResultListVC.swift; sourceTree = "<group>"; };
		507B29B823777BA900C4D8D2 /* FavoriteVenueVC.swift */ = {isa = PBXFileReference; lastKnownFileType = sourcecode.swift; path = FavoriteVenueVC.swift; sourceTree = "<group>"; };
		507B29BA23777BCD00C4D8D2 /* FavoriteVenueCell.swift */ = {isa = PBXFileReference; lastKnownFileType = sourcecode.swift; path = FavoriteVenueCell.swift; sourceTree = "<group>"; };
		509AC45E23736F76003F6D19 /* ImageHelper.swift */ = {isa = PBXFileReference; fileEncoding = 4; lastKnownFileType = sourcecode.swift; path = ImageHelper.swift; sourceTree = "<group>"; };
		509AC46023737348003F6D19 /* ImageModel.swift */ = {isa = PBXFileReference; lastKnownFileType = sourcecode.swift; path = ImageModel.swift; sourceTree = "<group>"; };
		509AC46223737491003F6D19 /* ImageAPI.swift */ = {isa = PBXFileReference; lastKnownFileType = sourcecode.swift; path = ImageAPI.swift; sourceTree = "<group>"; };
		50B9F9D423763B4F000CC234 /* CollectionModel.swift */ = {isa = PBXFileReference; lastKnownFileType = sourcecode.swift; path = CollectionModel.swift; sourceTree = "<group>"; };
		50C6983A2377724000B97587 /* AddCollectionViewCell.swift */ = {isa = PBXFileReference; lastKnownFileType = sourcecode.swift; path = AddCollectionViewCell.swift; sourceTree = "<group>"; };
		50C6983C2377743400B97587 /* AddVenueToCollectionVC.swift */ = {isa = PBXFileReference; lastKnownFileType = sourcecode.swift; path = AddVenueToCollectionVC.swift; sourceTree = "<group>"; };
		50F022412370B31A00C1C4D3 /* FoursquareMap.app */ = {isa = PBXFileReference; explicitFileType = wrapper.application; includeInIndex = 0; path = FoursquareMap.app; sourceTree = BUILT_PRODUCTS_DIR; };
		50F022442370B31A00C1C4D3 /* AppDelegate.swift */ = {isa = PBXFileReference; lastKnownFileType = sourcecode.swift; path = AppDelegate.swift; sourceTree = "<group>"; };
		50F022462370B31A00C1C4D3 /* SceneDelegate.swift */ = {isa = PBXFileReference; lastKnownFileType = sourcecode.swift; path = SceneDelegate.swift; sourceTree = "<group>"; };
		50F022482370B31A00C1C4D3 /* ViewController.swift */ = {isa = PBXFileReference; lastKnownFileType = sourcecode.swift; path = ViewController.swift; sourceTree = "<group>"; };
		50F0224B2370B31A00C1C4D3 /* Base */ = {isa = PBXFileReference; lastKnownFileType = file.storyboard; name = Base; path = Base.lproj/Main.storyboard; sourceTree = "<group>"; };
		50F0224D2370B31B00C1C4D3 /* Assets.xcassets */ = {isa = PBXFileReference; lastKnownFileType = folder.assetcatalog; path = Assets.xcassets; sourceTree = "<group>"; };
		50F022502370B31B00C1C4D3 /* Base */ = {isa = PBXFileReference; lastKnownFileType = file.storyboard; name = Base; path = Base.lproj/LaunchScreen.storyboard; sourceTree = "<group>"; };
		50F022522370B31B00C1C4D3 /* Info.plist */ = {isa = PBXFileReference; lastKnownFileType = text.plist.xml; path = Info.plist; sourceTree = "<group>"; };
		50F022572370B31B00C1C4D3 /* FoursquareMapTests.xctest */ = {isa = PBXFileReference; explicitFileType = wrapper.cfbundle; includeInIndex = 0; path = FoursquareMapTests.xctest; sourceTree = BUILT_PRODUCTS_DIR; };
		50F0225B2370B31B00C1C4D3 /* FoursquareMapTests.swift */ = {isa = PBXFileReference; lastKnownFileType = sourcecode.swift; path = FoursquareMapTests.swift; sourceTree = "<group>"; };
		50F0225D2370B31B00C1C4D3 /* Info.plist */ = {isa = PBXFileReference; lastKnownFileType = text.plist.xml; path = Info.plist; sourceTree = "<group>"; };
		50F022662370D7DD00C1C4D3 /* Secrets.swift */ = {isa = PBXFileReference; lastKnownFileType = sourcecode.swift; name = Secrets.swift; path = ../Secrets.swift; sourceTree = "<group>"; };
		50F0226B2370DE2700C1C4D3 /* LocationsModel.swift */ = {isa = PBXFileReference; lastKnownFileType = sourcecode.swift; path = LocationsModel.swift; sourceTree = "<group>"; };
		50F0226D2370E03C00C1C4D3 /* NetworkHelper.swift */ = {isa = PBXFileReference; fileEncoding = 4; lastKnownFileType = sourcecode.swift; path = NetworkHelper.swift; sourceTree = "<group>"; };
		50F0226F2370E03C00C1C4D3 /* AppError.swift */ = {isa = PBXFileReference; fileEncoding = 4; lastKnownFileType = sourcecode.swift; path = AppError.swift; sourceTree = "<group>"; };
		50F022732370E04E00C1C4D3 /* LocationsAPI.swift */ = {isa = PBXFileReference; lastKnownFileType = sourcecode.swift; path = LocationsAPI.swift; sourceTree = "<group>"; };
/* End PBXFileReference section */

/* Begin PBXFrameworksBuildPhase section */
		50F0223E2370B31A00C1C4D3 /* Frameworks */ = {
			isa = PBXFrameworksBuildPhase;
			buildActionMask = 2147483647;
			files = (
			);
			runOnlyForDeploymentPostprocessing = 0;
		};
		50F022542370B31B00C1C4D3 /* Frameworks */ = {
			isa = PBXFrameworksBuildPhase;
			buildActionMask = 2147483647;
			files = (
			);
			runOnlyForDeploymentPostprocessing = 0;
		};
/* End PBXFrameworksBuildPhase section */

/* Begin PBXGroup section */
		50363F042374C9F800F1D226 /* Persistence */ = {
			isa = PBXGroup;
			children = (
				50363F012374C9F400F1D226 /* PersistenceHelper.swift */,
				50363F002374C9F400F1D226 /* CollectionPersistence.swift */,
			);
			path = Persistence;
			sourceTree = "<group>";
		};
		5055E40A23787FE900521322 /* Supporting */ = {
			isa = PBXGroup;
			children = (
				50F0224D2370B31B00C1C4D3 /* Assets.xcassets */,
			);
			path = Supporting;
			sourceTree = "<group>";
		};
		505A44B0237212D000A75CCD /* CustomCell */ = {
			isa = PBXGroup;
			children = (
				505A44B1237212ED00A75CCD /* ImageCell.swift */,
				50363EF42374A80F00F1D226 /* ResultCell.swift */,
				50363EFA2374BF1200F1D226 /* VenueCollectionCell.swift */,
				50C6983A2377724000B97587 /* AddCollectionViewCell.swift */,
				507B29BA23777BCD00C4D8D2 /* FavoriteVenueCell.swift */,
			);
			path = CustomCell;
			sourceTree = "<group>";
		};
		50F022382370B31A00C1C4D3 = {
			isa = PBXGroup;
			children = (
				50F022432370B31A00C1C4D3 /* FoursquareMap */,
				50F0225A2370B31B00C1C4D3 /* FoursquareMapTests */,
				50F022422370B31A00C1C4D3 /* Products */,
			);
			sourceTree = "<group>";
		};
		50F022422370B31A00C1C4D3 /* Products */ = {
			isa = PBXGroup;
			children = (
				50F022412370B31A00C1C4D3 /* FoursquareMap.app */,
				50F022572370B31B00C1C4D3 /* FoursquareMapTests.xctest */,
			);
			name = Products;
			sourceTree = "<group>";
		};
		50F022432370B31A00C1C4D3 /* FoursquareMap */ = {
			isa = PBXGroup;
			children = (
				5055E40A23787FE900521322 /* Supporting */,
				50363F042374C9F800F1D226 /* Persistence */,
				505A44B0237212D000A75CCD /* CustomCell */,
				50F0226A2370DE0200C1C4D3 /* APIHelper */,
				50F022692370DDF500C1C4D3 /* ViewController */,
				50F022682370DDEE00C1C4D3 /* Model */,
				50F0224F2370B31B00C1C4D3 /* LaunchScreen.storyboard */,
				50F022442370B31A00C1C4D3 /* AppDelegate.swift */,
				50F0224A2370B31A00C1C4D3 /* Main.storyboard */,
				50F022462370B31A00C1C4D3 /* SceneDelegate.swift */,
				50F022522370B31B00C1C4D3 /* Info.plist */,
			);
			path = FoursquareMap;
			sourceTree = "<group>";
		};
		50F0225A2370B31B00C1C4D3 /* FoursquareMapTests */ = {
			isa = PBXGroup;
			children = (
				50F0225B2370B31B00C1C4D3 /* FoursquareMapTests.swift */,
				50F0225D2370B31B00C1C4D3 /* Info.plist */,
			);
			path = FoursquareMapTests;
			sourceTree = "<group>";
		};
		50F022682370DDEE00C1C4D3 /* Model */ = {
			isa = PBXGroup;
			children = (
				509AC46023737348003F6D19 /* ImageModel.swift */,
				50F0226B2370DE2700C1C4D3 /* LocationsModel.swift */,
				50B9F9D423763B4F000CC234 /* CollectionModel.swift */,
			);
			path = Model;
			sourceTree = "<group>";
		};
		50F022692370DDF500C1C4D3 /* ViewController */ = {
			isa = PBXGroup;
			children = (
				50F022482370B31A00C1C4D3 /* ViewController.swift */,
				505A44B32372305400A75CCD /* ResultListVC.swift */,
				50363EF62374B51600F1D226 /* VenueDetailVc.swift */,
				50363EF82374BEAA00F1D226 /* CollectionsViewController.swift */,
				50363EFE2374C57F00F1D226 /* AddCollectionVC.swift */,
				50C6983C2377743400B97587 /* AddVenueToCollectionVC.swift */,
				507B29B823777BA900C4D8D2 /* FavoriteVenueVC.swift */,
			);
			path = ViewController;
			sourceTree = "<group>";
		};
		50F0226A2370DE0200C1C4D3 /* APIHelper */ = {
			isa = PBXGroup;
			children = (
				509AC45E23736F76003F6D19 /* ImageHelper.swift */,
				50F0226F2370E03C00C1C4D3 /* AppError.swift */,
				50F0226D2370E03C00C1C4D3 /* NetworkHelper.swift */,
				50F022662370D7DD00C1C4D3 /* Secrets.swift */,
				50F022732370E04E00C1C4D3 /* LocationsAPI.swift */,
				509AC46223737491003F6D19 /* ImageAPI.swift */,
			);
			path = APIHelper;
			sourceTree = "<group>";
		};
/* End PBXGroup section */

/* Begin PBXNativeTarget section */
		50F022402370B31A00C1C4D3 /* FoursquareMap */ = {
			isa = PBXNativeTarget;
			buildConfigurationList = 50F022602370B31B00C1C4D3 /* Build configuration list for PBXNativeTarget "FoursquareMap" */;
			buildPhases = (
				50F0223D2370B31A00C1C4D3 /* Sources */,
				50F0223E2370B31A00C1C4D3 /* Frameworks */,
				50F0223F2370B31A00C1C4D3 /* Resources */,
			);
			buildRules = (
			);
			dependencies = (
			);
			name = FoursquareMap;
			productName = FoursquareMap;
			productReference = 50F022412370B31A00C1C4D3 /* FoursquareMap.app */;
			productType = "com.apple.product-type.application";
		};
		50F022562370B31B00C1C4D3 /* FoursquareMapTests */ = {
			isa = PBXNativeTarget;
			buildConfigurationList = 50F022632370B31B00C1C4D3 /* Build configuration list for PBXNativeTarget "FoursquareMapTests" */;
			buildPhases = (
				50F022532370B31B00C1C4D3 /* Sources */,
				50F022542370B31B00C1C4D3 /* Frameworks */,
				50F022552370B31B00C1C4D3 /* Resources */,
			);
			buildRules = (
			);
			dependencies = (
				50F022592370B31B00C1C4D3 /* PBXTargetDependency */,
			);
			name = FoursquareMapTests;
			productName = FoursquareMapTests;
			productReference = 50F022572370B31B00C1C4D3 /* FoursquareMapTests.xctest */;
			productType = "com.apple.product-type.bundle.unit-test";
		};
/* End PBXNativeTarget section */

/* Begin PBXProject section */
		50F022392370B31A00C1C4D3 /* Project object */ = {
			isa = PBXProject;
			attributes = {
				LastSwiftUpdateCheck = 1110;
				LastUpgradeCheck = 1110;
				ORGANIZATIONNAME = "albert coelho oliveira";
				TargetAttributes = {
					50F022402370B31A00C1C4D3 = {
						CreatedOnToolsVersion = 11.1;
					};
					50F022562370B31B00C1C4D3 = {
						CreatedOnToolsVersion = 11.1;
						TestTargetID = 50F022402370B31A00C1C4D3;
					};
				};
			};
			buildConfigurationList = 50F0223C2370B31A00C1C4D3 /* Build configuration list for PBXProject "FoursquareMap" */;
			compatibilityVersion = "Xcode 9.3";
			developmentRegion = en;
			hasScannedForEncodings = 0;
			knownRegions = (
				en,
				Base,
			);
			mainGroup = 50F022382370B31A00C1C4D3;
			productRefGroup = 50F022422370B31A00C1C4D3 /* Products */;
			projectDirPath = "";
			projectRoot = "";
			targets = (
				50F022402370B31A00C1C4D3 /* FoursquareMap */,
				50F022562370B31B00C1C4D3 /* FoursquareMapTests */,
			);
		};
/* End PBXProject section */

/* Begin PBXResourcesBuildPhase section */
		50F0223F2370B31A00C1C4D3 /* Resources */ = {
			isa = PBXResourcesBuildPhase;
			buildActionMask = 2147483647;
			files = (
				50F022512370B31B00C1C4D3 /* LaunchScreen.storyboard in Resources */,
				50F0224E2370B31B00C1C4D3 /* Assets.xcassets in Resources */,
				50F0224C2370B31A00C1C4D3 /* Main.storyboard in Resources */,
			);
			runOnlyForDeploymentPostprocessing = 0;
		};
		50F022552370B31B00C1C4D3 /* Resources */ = {
			isa = PBXResourcesBuildPhase;
			buildActionMask = 2147483647;
			files = (
			);
			runOnlyForDeploymentPostprocessing = 0;
		};
/* End PBXResourcesBuildPhase section */

/* Begin PBXSourcesBuildPhase section */
		50F0223D2370B31A00C1C4D3 /* Sources */ = {
			isa = PBXSourcesBuildPhase;
			buildActionMask = 2147483647;
			files = (
				50F0226C2370DE2700C1C4D3 /* LocationsModel.swift in Sources */,
				50C6983D2377743400B97587 /* AddVenueToCollectionVC.swift in Sources */,
				50363EF72374B51600F1D226 /* VenueDetailVc.swift in Sources */,
				50363EFF2374C57F00F1D226 /* AddCollectionVC.swift in Sources */,
				50F022492370B31A00C1C4D3 /* ViewController.swift in Sources */,
				507B29BB23777BCD00C4D8D2 /* FavoriteVenueCell.swift in Sources */,
				505A44B2237212ED00A75CCD /* ImageCell.swift in Sources */,
				50F022672370D7DD00C1C4D3 /* Secrets.swift in Sources */,
				50B9F9D523763B4F000CC234 /* CollectionModel.swift in Sources */,
				509AC46323737491003F6D19 /* ImageAPI.swift in Sources */,
				50F022722370E03C00C1C4D3 /* AppError.swift in Sources */,
				505A44B42372305400A75CCD /* ResultListVC.swift in Sources */,
				50363F032374C9F500F1D226 /* PersistenceHelper.swift in Sources */,
				50363EF92374BEAA00F1D226 /* CollectionsViewController.swift in Sources */,
				50F022742370E04E00C1C4D3 /* LocationsAPI.swift in Sources */,
				50F022452370B31A00C1C4D3 /* AppDelegate.swift in Sources */,
				50F022702370E03C00C1C4D3 /* NetworkHelper.swift in Sources */,
				50F022472370B31A00C1C4D3 /* SceneDelegate.swift in Sources */,
				509AC46123737348003F6D19 /* ImageModel.swift in Sources */,
				50363EFB2374BF1200F1D226 /* VenueCollectionCell.swift in Sources */,
				50C6983B2377724000B97587 /* AddCollectionViewCell.swift in Sources */,
				507B29B923777BA900C4D8D2 /* FavoriteVenueVC.swift in Sources */,
				50363F022374C9F500F1D226 /* CollectionPersistence.swift in Sources */,
				50363EF52374A80F00F1D226 /* ResultCell.swift in Sources */,
				509AC45F23736F76003F6D19 /* ImageHelper.swift in Sources */,
			);
			runOnlyForDeploymentPostprocessing = 0;
		};
		50F022532370B31B00C1C4D3 /* Sources */ = {
			isa = PBXSourcesBuildPhase;
			buildActionMask = 2147483647;
			files = (
				50F0225C2370B31B00C1C4D3 /* FoursquareMapTests.swift in Sources */,
			);
			runOnlyForDeploymentPostprocessing = 0;
		};
/* End PBXSourcesBuildPhase section */

/* Begin PBXTargetDependency section */
		50F022592370B31B00C1C4D3 /* PBXTargetDependency */ = {
			isa = PBXTargetDependency;
			target = 50F022402370B31A00C1C4D3 /* FoursquareMap */;
			targetProxy = 50F022582370B31B00C1C4D3 /* PBXContainerItemProxy */;
		};
/* End PBXTargetDependency section */

/* Begin PBXVariantGroup section */
		50F0224A2370B31A00C1C4D3 /* Main.storyboard */ = {
			isa = PBXVariantGroup;
			children = (
				50F0224B2370B31A00C1C4D3 /* Base */,
			);
			name = Main.storyboard;
			sourceTree = "<group>";
		};
		50F0224F2370B31B00C1C4D3 /* LaunchScreen.storyboard */ = {
			isa = PBXVariantGroup;
			children = (
				50F022502370B31B00C1C4D3 /* Base */,
			);
			name = LaunchScreen.storyboard;
			sourceTree = "<group>";
		};
/* End PBXVariantGroup section */

/* Begin XCBuildConfiguration section */
		50F0225E2370B31B00C1C4D3 /* Debug */ = {
			isa = XCBuildConfiguration;
			buildSettings = {
				ALWAYS_SEARCH_USER_PATHS = NO;
				CLANG_ANALYZER_NONNULL = YES;
				CLANG_ANALYZER_NUMBER_OBJECT_CONVERSION = YES_AGGRESSIVE;
				CLANG_CXX_LANGUAGE_STANDARD = "gnu++14";
				CLANG_CXX_LIBRARY = "libc++";
				CLANG_ENABLE_MODULES = YES;
				CLANG_ENABLE_OBJC_ARC = YES;
				CLANG_ENABLE_OBJC_WEAK = YES;
				CLANG_WARN_BLOCK_CAPTURE_AUTORELEASING = YES;
				CLANG_WARN_BOOL_CONVERSION = YES;
				CLANG_WARN_COMMA = YES;
				CLANG_WARN_CONSTANT_CONVERSION = YES;
				CLANG_WARN_DEPRECATED_OBJC_IMPLEMENTATIONS = YES;
				CLANG_WARN_DIRECT_OBJC_ISA_USAGE = YES_ERROR;
				CLANG_WARN_DOCUMENTATION_COMMENTS = YES;
				CLANG_WARN_EMPTY_BODY = YES;
				CLANG_WARN_ENUM_CONVERSION = YES;
				CLANG_WARN_INFINITE_RECURSION = YES;
				CLANG_WARN_INT_CONVERSION = YES;
				CLANG_WARN_NON_LITERAL_NULL_CONVERSION = YES;
				CLANG_WARN_OBJC_IMPLICIT_RETAIN_SELF = YES;
				CLANG_WARN_OBJC_LITERAL_CONVERSION = YES;
				CLANG_WARN_OBJC_ROOT_CLASS = YES_ERROR;
				CLANG_WARN_RANGE_LOOP_ANALYSIS = YES;
				CLANG_WARN_STRICT_PROTOTYPES = YES;
				CLANG_WARN_SUSPICIOUS_MOVE = YES;
				CLANG_WARN_UNGUARDED_AVAILABILITY = YES_AGGRESSIVE;
				CLANG_WARN_UNREACHABLE_CODE = YES;
				CLANG_WARN__DUPLICATE_METHOD_MATCH = YES;
				COPY_PHASE_STRIP = NO;
				DEBUG_INFORMATION_FORMAT = dwarf;
				ENABLE_STRICT_OBJC_MSGSEND = YES;
				ENABLE_TESTABILITY = YES;
				GCC_C_LANGUAGE_STANDARD = gnu11;
				GCC_DYNAMIC_NO_PIC = NO;
				GCC_NO_COMMON_BLOCKS = YES;
				GCC_OPTIMIZATION_LEVEL = 0;
				GCC_PREPROCESSOR_DEFINITIONS = (
					"DEBUG=1",
					"$(inherited)",
				);
				GCC_WARN_64_TO_32_BIT_CONVERSION = YES;
				GCC_WARN_ABOUT_RETURN_TYPE = YES_ERROR;
				GCC_WARN_UNDECLARED_SELECTOR = YES;
				GCC_WARN_UNINITIALIZED_AUTOS = YES_AGGRESSIVE;
				GCC_WARN_UNUSED_FUNCTION = YES;
				GCC_WARN_UNUSED_VARIABLE = YES;
				IPHONEOS_DEPLOYMENT_TARGET = 13.1;
				MTL_ENABLE_DEBUG_INFO = INCLUDE_SOURCE;
				MTL_FAST_MATH = YES;
				ONLY_ACTIVE_ARCH = YES;
				SDKROOT = iphoneos;
				SWIFT_ACTIVE_COMPILATION_CONDITIONS = DEBUG;
				SWIFT_OPTIMIZATION_LEVEL = "-Onone";
			};
			name = Debug;
		};
		50F0225F2370B31B00C1C4D3 /* Release */ = {
			isa = XCBuildConfiguration;
			buildSettings = {
				ALWAYS_SEARCH_USER_PATHS = NO;
				CLANG_ANALYZER_NONNULL = YES;
				CLANG_ANALYZER_NUMBER_OBJECT_CONVERSION = YES_AGGRESSIVE;
				CLANG_CXX_LANGUAGE_STANDARD = "gnu++14";
				CLANG_CXX_LIBRARY = "libc++";
				CLANG_ENABLE_MODULES = YES;
				CLANG_ENABLE_OBJC_ARC = YES;
				CLANG_ENABLE_OBJC_WEAK = YES;
				CLANG_WARN_BLOCK_CAPTURE_AUTORELEASING = YES;
				CLANG_WARN_BOOL_CONVERSION = YES;
				CLANG_WARN_COMMA = YES;
				CLANG_WARN_CONSTANT_CONVERSION = YES;
				CLANG_WARN_DEPRECATED_OBJC_IMPLEMENTATIONS = YES;
				CLANG_WARN_DIRECT_OBJC_ISA_USAGE = YES_ERROR;
				CLANG_WARN_DOCUMENTATION_COMMENTS = YES;
				CLANG_WARN_EMPTY_BODY = YES;
				CLANG_WARN_ENUM_CONVERSION = YES;
				CLANG_WARN_INFINITE_RECURSION = YES;
				CLANG_WARN_INT_CONVERSION = YES;
				CLANG_WARN_NON_LITERAL_NULL_CONVERSION = YES;
				CLANG_WARN_OBJC_IMPLICIT_RETAIN_SELF = YES;
				CLANG_WARN_OBJC_LITERAL_CONVERSION = YES;
				CLANG_WARN_OBJC_ROOT_CLASS = YES_ERROR;
				CLANG_WARN_RANGE_LOOP_ANALYSIS = YES;
				CLANG_WARN_STRICT_PROTOTYPES = YES;
				CLANG_WARN_SUSPICIOUS_MOVE = YES;
				CLANG_WARN_UNGUARDED_AVAILABILITY = YES_AGGRESSIVE;
				CLANG_WARN_UNREACHABLE_CODE = YES;
				CLANG_WARN__DUPLICATE_METHOD_MATCH = YES;
				COPY_PHASE_STRIP = NO;
				DEBUG_INFORMATION_FORMAT = "dwarf-with-dsym";
				ENABLE_NS_ASSERTIONS = NO;
				ENABLE_STRICT_OBJC_MSGSEND = YES;
				GCC_C_LANGUAGE_STANDARD = gnu11;
				GCC_NO_COMMON_BLOCKS = YES;
				GCC_WARN_64_TO_32_BIT_CONVERSION = YES;
				GCC_WARN_ABOUT_RETURN_TYPE = YES_ERROR;
				GCC_WARN_UNDECLARED_SELECTOR = YES;
				GCC_WARN_UNINITIALIZED_AUTOS = YES_AGGRESSIVE;
				GCC_WARN_UNUSED_FUNCTION = YES;
				GCC_WARN_UNUSED_VARIABLE = YES;
				IPHONEOS_DEPLOYMENT_TARGET = 13.1;
				MTL_ENABLE_DEBUG_INFO = NO;
				MTL_FAST_MATH = YES;
				SDKROOT = iphoneos;
				SWIFT_COMPILATION_MODE = wholemodule;
				SWIFT_OPTIMIZATION_LEVEL = "-O";
				VALIDATE_PRODUCT = YES;
			};
			name = Release;
		};
		50F022612370B31B00C1C4D3 /* Debug */ = {
			isa = XCBuildConfiguration;
			buildSettings = {
				ASSETCATALOG_COMPILER_APPICON_NAME = AppIcon;
				CODE_SIGN_STYLE = Automatic;
				DEVELOPMENT_TEAM = NR846ZRL26;
				INFOPLIST_FILE = FoursquareMap/Info.plist;
				LD_RUNPATH_SEARCH_PATHS = (
					"$(inherited)",
					"@executable_path/Frameworks",
				);
				PRODUCT_BUNDLE_IDENTIFIER = albert.FoursquareMap;
				PRODUCT_NAME = "$(TARGET_NAME)";
				SWIFT_VERSION = 5.0;
				TARGETED_DEVICE_FAMILY = "1,2";
			};
			name = Debug;
		};
		50F022622370B31B00C1C4D3 /* Release */ = {
			isa = XCBuildConfiguration;
			buildSettings = {
				ASSETCATALOG_COMPILER_APPICON_NAME = AppIcon;
				CODE_SIGN_STYLE = Automatic;
				DEVELOPMENT_TEAM = NR846ZRL26;
				INFOPLIST_FILE = FoursquareMap/Info.plist;
				LD_RUNPATH_SEARCH_PATHS = (
					"$(inherited)",
					"@executable_path/Frameworks",
				);
				PRODUCT_BUNDLE_IDENTIFIER = albert.FoursquareMap;
				PRODUCT_NAME = "$(TARGET_NAME)";
				SWIFT_VERSION = 5.0;
				TARGETED_DEVICE_FAMILY = "1,2";
			};
			name = Release;
		};
		50F022642370B31B00C1C4D3 /* Debug */ = {
			isa = XCBuildConfiguration;
			buildSettings = {
				ALWAYS_EMBED_SWIFT_STANDARD_LIBRARIES = YES;
				BUNDLE_LOADER = "$(TEST_HOST)";
				CODE_SIGN_STYLE = Automatic;
				DEVELOPMENT_TEAM = NR846ZRL26;
				INFOPLIST_FILE = FoursquareMapTests/Info.plist;
				IPHONEOS_DEPLOYMENT_TARGET = 13.1;
				LD_RUNPATH_SEARCH_PATHS = (
					"$(inherited)",
					"@executable_path/Frameworks",
					"@loader_path/Frameworks",
				);
				PRODUCT_BUNDLE_IDENTIFIER = albert.FoursquareMapTests;
				PRODUCT_NAME = "$(TARGET_NAME)";
				SWIFT_VERSION = 5.0;
				TARGETED_DEVICE_FAMILY = "1,2";
				TEST_HOST = "$(BUILT_PRODUCTS_DIR)/FoursquareMap.app/FoursquareMap";
			};
			name = Debug;
		};
		50F022652370B31B00C1C4D3 /* Release */ = {
			isa = XCBuildConfiguration;
			buildSettings = {
				ALWAYS_EMBED_SWIFT_STANDARD_LIBRARIES = YES;
				BUNDLE_LOADER = "$(TEST_HOST)";
				CODE_SIGN_STYLE = Automatic;
				DEVELOPMENT_TEAM = NR846ZRL26;
				INFOPLIST_FILE = FoursquareMapTests/Info.plist;
				IPHONEOS_DEPLOYMENT_TARGET = 13.1;
				LD_RUNPATH_SEARCH_PATHS = (
					"$(inherited)",
					"@executable_path/Frameworks",
					"@loader_path/Frameworks",
				);
				PRODUCT_BUNDLE_IDENTIFIER = albert.FoursquareMapTests;
				PRODUCT_NAME = "$(TARGET_NAME)";
				SWIFT_VERSION = 5.0;
				TARGETED_DEVICE_FAMILY = "1,2";
				TEST_HOST = "$(BUILT_PRODUCTS_DIR)/FoursquareMap.app/FoursquareMap";
			};
			name = Release;
		};
/* End XCBuildConfiguration section */

/* Begin XCConfigurationList section */
		50F0223C2370B31A00C1C4D3 /* Build configuration list for PBXProject "FoursquareMap" */ = {
			isa = XCConfigurationList;
			buildConfigurations = (
				50F0225E2370B31B00C1C4D3 /* Debug */,
				50F0225F2370B31B00C1C4D3 /* Release */,
			);
			defaultConfigurationIsVisible = 0;
			defaultConfigurationName = Release;
		};
		50F022602370B31B00C1C4D3 /* Build configuration list for PBXNativeTarget "FoursquareMap" */ = {
			isa = XCConfigurationList;
			buildConfigurations = (
				50F022612370B31B00C1C4D3 /* Debug */,
				50F022622370B31B00C1C4D3 /* Release */,
			);
			defaultConfigurationIsVisible = 0;
			defaultConfigurationName = Release;
		};
		50F022632370B31B00C1C4D3 /* Build configuration list for PBXNativeTarget "FoursquareMapTests" */ = {
			isa = XCConfigurationList;
			buildConfigurations = (
				50F022642370B31B00C1C4D3 /* Debug */,
				50F022652370B31B00C1C4D3 /* Release */,
			);
			defaultConfigurationIsVisible = 0;
			defaultConfigurationName = Release;
		};
/* End XCConfigurationList section */
	};
	rootObject = 50F022392370B31A00C1C4D3 /* Project object */;
}
